
Microsoft Visual Studio Solution File, Format Version 12.00
# Visual Studio Version 17
VisualStudioVersion = 17.9.34728.123
MinimumVisualStudioVersion = 10.0.40219.1
Project("{2150E333-8FDC-42A3-9474-1A3956D46DE8}") = "src", "src", "{ABD6BB0A-EE60-4570-B51D-6C970C619A5F}"
EndProject
Project("{2150E333-8FDC-42A3-9474-1A3956D46DE8}") = "test", "test", "{6F162C2B-3ED8-44B2-9310-068B7F17CA2C}"
EndProject
Project("{2150E333-8FDC-42A3-9474-1A3956D46DE8}") = "UI", "UI", "{5E7973EC-87C8-4738-9538-4A9E64739ED7}"
EndProject
Project("{2150E333-8FDC-42A3-9474-1A3956D46DE8}") = "Core", "Core", "{1A87F4A2-5963-4FDD-A153-4B1279927D32}"
EndProject
Project("{2150E333-8FDC-42A3-9474-1A3956D46DE8}") = "API", "API", "{2509004A-A360-410D-A3F7-822AD6D86131}"
EndProject
Project("{2150E333-8FDC-42A3-9474-1A3956D46DE8}") = "Infrastructure", "Infrastructure", "{814ED866-E973-4D5A-8248-604653C17A90}"
EndProject
Project("{9A19103F-16F7-4668-BE54-9A1E7A4F7556}") = "HR.LeaveManagement.Domain", "HR.LeaveManagement.Domain\HR.LeaveManagement.Domain.csproj", "{BA81D501-6747-4F0B-AE88-509FB3EE8F08}"
EndProject
Project("{9A19103F-16F7-4668-BE54-9A1E7A4F7556}") = "HR.LeaveManagement.Application", "HR.LeaveManagement.Application\HR.LeaveManagement.Application.csproj", "{4DA0A8F5-AE43-4DA9-A50B-893C25BE5664}"
EndProject
Project("{9A19103F-16F7-4668-BE54-9A1E7A4F7556}") = "HR.LeaveManagement.Persistence", "HR.LeaveManagement.Persistence\HR.LeaveManagement.Persistence.csproj", "{6AE02D8C-5634-462A-ACA7-30B1648F685E}"
EndProject
Project("{9A19103F-16F7-4668-BE54-9A1E7A4F7556}") = "HR.LeaveManagement.Infrastructure", "HR.LeaveManagement.Infrastructure\HR.LeaveManagement.Infrastructure.csproj", "{A2C7666D-5275-4751-9EF8-5B3B728289BA}"
EndProject
Project("{FAE04EC0-301F-11D3-BF4B-00C04F79EFBC}") = "HR.LeaveManagement.Api", "HR.LeaveManagement.Api\HR.LeaveManagement.Api.csproj", "{BD9CA015-A9B8-4910-95B0-29E558BA97FA}"
EndProject
Global
	GlobalSection(SolutionConfigurationPlatforms) = preSolution
		Debug|Any CPU = Debug|Any CPU
		Release|Any CPU = Release|Any CPU
	EndGlobalSection
	GlobalSection(ProjectConfigurationPlatforms) = postSolution
		{BA81D501-6747-4F0B-AE88-509FB3EE8F08}.Debug|Any CPU.ActiveCfg = Debug|Any CPU
		{BA81D501-6747-4F0B-AE88-509FB3EE8F08}.Debug|Any CPU.Build.0 = Debug|Any CPU
		{BA81D501-6747-4F0B-AE88-509FB3EE8F08}.Release|Any CPU.ActiveCfg = Release|Any CPU
		{BA81D501-6747-4F0B-AE88-509FB3EE8F08}.Release|Any CPU.Build.0 = Release|Any CPU
		{4DA0A8F5-AE43-4DA9-A50B-893C25BE5664}.Debug|Any CPU.ActiveCfg = Debug|Any CPU
		{4DA0A8F5-AE43-4DA9-A50B-893C25BE5664}.Debug|Any CPU.Build.0 = Debug|Any CPU
		{4DA0A8F5-AE43-4DA9-A50B-893C25BE5664}.Release|Any CPU.ActiveCfg = Release|Any CPU
		{4DA0A8F5-AE43-4DA9-A50B-893C25BE5664}.Release|Any CPU.Build.0 = Release|Any CPU
		{6AE02D8C-5634-462A-ACA7-30B1648F685E}.Debug|Any CPU.ActiveCfg = Debug|Any CPU
		{6AE02D8C-5634-462A-ACA7-30B1648F685E}.Debug|Any CPU.Build.0 = Debug|Any CPU
		{6AE02D8C-5634-462A-ACA7-30B1648F685E}.Release|Any CPU.ActiveCfg = Release|Any CPU
		{6AE02D8C-5634-462A-ACA7-30B1648F685E}.Release|Any CPU.Build.0 = Release|Any CPU
		{A2C7666D-5275-4751-9EF8-5B3B728289BA}.Debug|Any CPU.ActiveCfg = Debug|Any CPU
		{A2C7666D-5275-4751-9EF8-5B3B728289BA}.Debug|Any CPU.Build.0 = Debug|Any CPU
		{A2C7666D-5275-4751-9EF8-5B3B728289BA}.Release|Any CPU.ActiveCfg = Release|Any CPU
		{A2C7666D-5275-4751-9EF8-5B3B728289BA}.Release|Any CPU.Build.0 = Release|Any CPU
		{BD9CA015-A9B8-4910-95B0-29E558BA97FA}.Debug|Any CPU.ActiveCfg = Debug|Any CPU
		{BD9CA015-A9B8-4910-95B0-29E558BA97FA}.Debug|Any CPU.Build.0 = Debug|Any CPU
		{BD9CA015-A9B8-4910-95B0-29E558BA97FA}.Release|Any CPU.ActiveCfg = Release|Any CPU
		{BD9CA015-A9B8-4910-95B0-29E558BA97FA}.Release|Any CPU.Build.0 = Release|Any CPU
	EndGlobalSection
	GlobalSection(SolutionProperties) = preSolution
		HideSolutionNode = FALSE
	EndGlobalSection
	GlobalSection(NestedProjects) = preSolution
		{5E7973EC-87C8-4738-9538-4A9E64739ED7} = {ABD6BB0A-EE60-4570-B51D-6C970C619A5F}
		{1A87F4A2-5963-4FDD-A153-4B1279927D32} = {ABD6BB0A-EE60-4570-B51D-6C970C619A5F}
		{2509004A-A360-410D-A3F7-822AD6D86131} = {ABD6BB0A-EE60-4570-B51D-6C970C619A5F}
		{814ED866-E973-4D5A-8248-604653C17A90} = {ABD6BB0A-EE60-4570-B51D-6C970C619A5F}
		{BA81D501-6747-4F0B-AE88-509FB3EE8F08} = {1A87F4A2-5963-4FDD-A153-4B1279927D32}
		{4DA0A8F5-AE43-4DA9-A50B-893C25BE5664} = {1A87F4A2-5963-4FDD-A153-4B1279927D32}
		{6AE02D8C-5634-462A-ACA7-30B1648F685E} = {814ED866-E973-4D5A-8248-604653C17A90}
		{A2C7666D-5275-4751-9EF8-5B3B728289BA} = {814ED866-E973-4D5A-8248-604653C17A90}
		{BD9CA015-A9B8-4910-95B0-29E558BA97FA} = {2509004A-A360-410D-A3F7-822AD6D86131}
	EndGlobalSection
	GlobalSection(ExtensibilityGlobals) = postSolution
		SolutionGuid = {D6143E09-AE6E-451F-8B8B-27C11A25A6D1}
	EndGlobalSection
EndGlobal
